
Microsoft Visual Studio Solution File, Format Version 12.00
# Visual Studio Version 17
VisualStudioVersion = 17.0.32014.148
MinimumVisualStudioVersion = 10.0.40219.1
Project("{FAE04EC0-301F-11D3-BF4B-00C04F79EFBC}") = "Yayks", "Yayks\Yayks.csproj", "{89278F71-3880-4EF2-8EEE-89D7F1F9B197}"
EndProject
Global
	GlobalSection(SolutionConfigurationPlatforms) = preSolution
		Debug|Any CPU = Debug|Any CPU
		Release|Any CPU = Release|Any CPU
	EndGlobalSection
	GlobalSection(ProjectConfigurationPlatforms) = postSolution
		{89278F71-3880-4EF2-8EEE-89D7F1F9B197}.Debug|Any CPU.ActiveCfg = Debug|Any CPU
		{89278F71-3880-4EF2-8EEE-89D7F1F9B197}.Debug|Any CPU.Build.0 = Debug|Any CPU
		{89278F71-3880-4EF2-8EEE-89D7F1F9B197}.Release|Any CPU.ActiveCfg = Release|Any CPU
		{89278F71-3880-4EF2-8EEE-89D7F1F9B197}.Release|Any CPU.Build.0 = Release|Any CPU
	EndGlobalSection
	GlobalSection(SolutionProperties) = preSolution
		HideSolutionNode = FALSE
	EndGlobalSection
	GlobalSection(ExtensibilityGlobals) = postSolution
		SolutionGuid = {8826152A-7FD0-4287-B827-547F8C22615B}
	EndGlobalSection
EndGlobal
